
Microsoft Visual Studio Solution File, Format Version 12.00
# Visual Studio Version 17
VisualStudioVersion = 17.5.002.0
MinimumVisualStudioVersion = 10.0.40219.1
Project("{9A19103F-16F7-4668-BE54-9A1E7A4F7556}") = "Library", "Library.csproj", "{0F5160CE-ED88-4922-B093-1F9DD1AE1FA2}"
EndProject
Global
	GlobalSection(SolutionConfigurationPlatforms) = preSolution
		Debug|Any CPU = Debug|Any CPU
		Release|Any CPU = Release|Any CPU
	EndGlobalSection
	GlobalSection(ProjectConfigurationPlatforms) = postSolution
		{0F5160CE-ED88-4922-B093-1F9DD1AE1FA2}.Debug|Any CPU.ActiveCfg = Debug|Any CPU
		{0F5160CE-ED88-4922-B093-1F9DD1AE1FA2}.Debug|Any CPU.Build.0 = Debug|Any CPU
		{0F5160CE-ED88-4922-B093-1F9DD1AE1FA2}.Release|Any CPU.ActiveCfg = Release|Any CPU
		{0F5160CE-ED88-4922-B093-1F9DD1AE1FA2}.Release|Any CPU.Build.0 = Release|Any CPU
	EndGlobalSection
	GlobalSection(SolutionProperties) = preSolution
		HideSolutionNode = FALSE
	EndGlobalSection
	GlobalSection(ExtensibilityGlobals) = postSolution
		SolutionGuid = {99802553-81D7-4774-BB4B-C15392DDFF75}
	EndGlobalSection
EndGlobal
